
Microsoft Visual Studio Solution File, Format Version 12.00
# Visual Studio 15
VisualStudioVersion = 15.0.27428.2011
MinimumVisualStudioVersion = 10.0.40219.1
Project("{FAE04EC0-301F-11D3-BF4B-00C04F79EFBC}") = "Calculator", "Calculator\Calculator.csproj", "{1118BC45-7C4C-4B57-A4EF-2D4F3E2B67ED}"
EndProject
Global
	GlobalSection(SolutionConfigurationPlatforms) = preSolution
		Debug|Any CPU = Debug|Any CPU
		Release|Any CPU = Release|Any CPU
	EndGlobalSection
	GlobalSection(ProjectConfigurationPlatforms) = postSolution
		{1118BC45-7C4C-4B57-A4EF-2D4F3E2B67ED}.Debug|Any CPU.ActiveCfg = Debug|Any CPU
		{1118BC45-7C4C-4B57-A4EF-2D4F3E2B67ED}.Debug|Any CPU.Build.0 = Debug|Any CPU
		{1118BC45-7C4C-4B57-A4EF-2D4F3E2B67ED}.Release|Any CPU.ActiveCfg = Release|Any CPU
		{1118BC45-7C4C-4B57-A4EF-2D4F3E2B67ED}.Release|Any CPU.Build.0 = Release|Any CPU
	EndGlobalSection
	GlobalSection(SolutionProperties) = preSolution
		HideSolutionNode = FALSE
	EndGlobalSection
	GlobalSection(ExtensibilityGlobals) = postSolution
		SolutionGuid = {0A12355F-D86C-4814-914D-49D1EF67A731}
	EndGlobalSection
EndGlobal
